// !$*UTF8*$!
{
	archiveVersion = 1;
	classes = {
	};
	objectVersion = 56;
	objects = {

/* Begin PBXBuildFile section */
		1968CAF22BEE3CD9008FDFDB /* HomeViewController.swift in Sources */ = {isa = PBXBuildFile; fileRef = 1968CAF12BEE3CD9008FDFDB /* HomeViewController.swift */; };
		19F7D6472BEE28E0006E3034 /* AppDelegate.swift in Sources */ = {isa = PBXBuildFile; fileRef = 19F7D6462BEE28E0006E3034 /* AppDelegate.swift */; };
		19F7D6492BEE28E0006E3034 /* SceneDelegate.swift in Sources */ = {isa = PBXBuildFile; fileRef = 19F7D6482BEE28E0006E3034 /* SceneDelegate.swift */; };
		19F7D64B2BEE28E0006E3034 /* ViewController.swift in Sources */ = {isa = PBXBuildFile; fileRef = 19F7D64A2BEE28E0006E3034 /* ViewController.swift */; };
		19F7D64E2BEE28E0006E3034 /* Base in Resources */ = {isa = PBXBuildFile; fileRef = 19F7D64D2BEE28E0006E3034 /* Base */; };
		19F7D6502BEE28EB006E3034 /* Assets.xcassets in Resources */ = {isa = PBXBuildFile; fileRef = 19F7D64F2BEE28EB006E3034 /* Assets.xcassets */; };
		19F7D6532BEE28EB006E3034 /* Base in Resources */ = {isa = PBXBuildFile; fileRef = 19F7D6522BEE28EB006E3034 /* Base */; };
		19F7D65E2BEE28EC006E3034 /* CarrotMarketTests.swift in Sources */ = {isa = PBXBuildFile; fileRef = 19F7D65D2BEE28EC006E3034 /* CarrotMarketTests.swift */; };
		19F7D6682BEE28EC006E3034 /* CarrotMarketUITests.swift in Sources */ = {isa = PBXBuildFile; fileRef = 19F7D6672BEE28EC006E3034 /* CarrotMarketUITests.swift */; };
		19F7D66A2BEE28EC006E3034 /* CarrotMarketUITestsLaunchTests.swift in Sources */ = {isa = PBXBuildFile; fileRef = 19F7D6692BEE28EC006E3034 /* CarrotMarketUITestsLaunchTests.swift */; };
		19F7D6792BEE2A59006E3034 /* TableViewCell.swift in Sources */ = {isa = PBXBuildFile; fileRef = 19F7D6772BEE2A59006E3034 /* TableViewCell.swift */; };
		19F7D67A2BEE2A59006E3034 /* TableViewCell.xib in Resources */ = {isa = PBXBuildFile; fileRef = 19F7D6782BEE2A59006E3034 /* TableViewCell.xib */; };
		19F7D67C2BEE3290006E3034 /* UIView+Extension.swift in Sources */ = {isa = PBXBuildFile; fileRef = 19F7D67B2BEE3290006E3034 /* UIView+Extension.swift */; };
/* End PBXBuildFile section */

/* Begin PBXContainerItemProxy section */
		19F7D65A2BEE28EC006E3034 /* PBXContainerItemProxy */ = {
			isa = PBXContainerItemProxy;
			containerPortal = 19F7D63B2BEE28E0006E3034 /* Project object */;
			proxyType = 1;
			remoteGlobalIDString = 19F7D6422BEE28E0006E3034;
			remoteInfo = CarrotMarket;
		};
		19F7D6642BEE28EC006E3034 /* PBXContainerItemProxy */ = {
			isa = PBXContainerItemProxy;
			containerPortal = 19F7D63B2BEE28E0006E3034 /* Project object */;
			proxyType = 1;
			remoteGlobalIDString = 19F7D6422BEE28E0006E3034;
			remoteInfo = CarrotMarket;
		};
/* End PBXContainerItemProxy section */

/* Begin PBXFileReference section */
		1968CAF12BEE3CD9008FDFDB /* HomeViewController.swift */ = {isa = PBXFileReference; lastKnownFileType = sourcecode.swift; path = HomeViewController.swift; sourceTree = "<group>"; };
		19F7D6432BEE28E0006E3034 /* CarrotMarket.app */ = {isa = PBXFileReference; explicitFileType = wrapper.application; includeInIndex = 0; path = CarrotMarket.app; sourceTree = BUILT_PRODUCTS_DIR; };
		19F7D6462BEE28E0006E3034 /* AppDelegate.swift */ = {isa = PBXFileReference; lastKnownFileType = sourcecode.swift; path = AppDelegate.swift; sourceTree = "<group>"; };
		19F7D6482BEE28E0006E3034 /* SceneDelegate.swift */ = {isa = PBXFileReference; lastKnownFileType = sourcecode.swift; path = SceneDelegate.swift; sourceTree = "<group>"; };
		19F7D64A2BEE28E0006E3034 /* ViewController.swift */ = {isa = PBXFileReference; lastKnownFileType = sourcecode.swift; path = ViewController.swift; sourceTree = "<group>"; };
		19F7D64D2BEE28E0006E3034 /* Base */ = {isa = PBXFileReference; lastKnownFileType = file.storyboard; name = Base; path = Base.lproj/Main.storyboard; sourceTree = "<group>"; };
		19F7D64F2BEE28EB006E3034 /* Assets.xcassets */ = {isa = PBXFileReference; lastKnownFileType = folder.assetcatalog; path = Assets.xcassets; sourceTree = "<group>"; };
		19F7D6522BEE28EB006E3034 /* Base */ = {isa = PBXFileReference; lastKnownFileType = file.storyboard; name = Base; path = Base.lproj/LaunchScreen.storyboard; sourceTree = "<group>"; };
		19F7D6542BEE28EB006E3034 /* Info.plist */ = {isa = PBXFileReference; lastKnownFileType = text.plist.xml; path = Info.plist; sourceTree = "<group>"; };
		19F7D6592BEE28EC006E3034 /* CarrotMarketTests.xctest */ = {isa = PBXFileReference; explicitFileType = wrapper.cfbundle; includeInIndex = 0; path = CarrotMarketTests.xctest; sourceTree = BUILT_PRODUCTS_DIR; };
		19F7D65D2BEE28EC006E3034 /* CarrotMarketTests.swift */ = {isa = PBXFileReference; lastKnownFileType = sourcecode.swift; path = CarrotMarketTests.swift; sourceTree = "<group>"; };
		19F7D6632BEE28EC006E3034 /* CarrotMarketUITests.xctest */ = {isa = PBXFileReference; explicitFileType = wrapper.cfbundle; includeInIndex = 0; path = CarrotMarketUITests.xctest; sourceTree = BUILT_PRODUCTS_DIR; };
		19F7D6672BEE28EC006E3034 /* CarrotMarketUITests.swift */ = {isa = PBXFileReference; lastKnownFileType = sourcecode.swift; path = CarrotMarketUITests.swift; sourceTree = "<group>"; };
		19F7D6692BEE28EC006E3034 /* CarrotMarketUITestsLaunchTests.swift */ = {isa = PBXFileReference; lastKnownFileType = sourcecode.swift; path = CarrotMarketUITestsLaunchTests.swift; sourceTree = "<group>"; };
		19F7D6772BEE2A59006E3034 /* TableViewCell.swift */ = {isa = PBXFileReference; lastKnownFileType = sourcecode.swift; path = TableViewCell.swift; sourceTree = "<group>"; };
		19F7D6782BEE2A59006E3034 /* TableViewCell.xib */ = {isa = PBXFileReference; lastKnownFileType = file.xib; path = TableViewCell.xib; sourceTree = "<group>"; };
		19F7D67B2BEE3290006E3034 /* UIView+Extension.swift */ = {isa = PBXFileReference; lastKnownFileType = sourcecode.swift; path = "UIView+Extension.swift"; sourceTree = "<group>"; };
/* End PBXFileReference section */

/* Begin PBXFrameworksBuildPhase section */
		19F7D6402BEE28E0006E3034 /* Frameworks */ = {
			isa = PBXFrameworksBuildPhase;
			buildActionMask = 2147483647;
			files = (
			);
			runOnlyForDeploymentPostprocessing = 0;
		};
		19F7D6562BEE28EC006E3034 /* Frameworks */ = {
			isa = PBXFrameworksBuildPhase;
			buildActionMask = 2147483647;
			files = (
			);
			runOnlyForDeploymentPostprocessing = 0;
		};
		19F7D6602BEE28EC006E3034 /* Frameworks */ = {
			isa = PBXFrameworksBuildPhase;
			buildActionMask = 2147483647;
			files = (
			);
			runOnlyForDeploymentPostprocessing = 0;
		};
/* End PBXFrameworksBuildPhase section */

/* Begin PBXGroup section */
		19F7D63A2BEE28E0006E3034 = {
			isa = PBXGroup;
			children = (
				19F7D6452BEE28E0006E3034 /* CarrotMarket */,
				19F7D65C2BEE28EC006E3034 /* CarrotMarketTests */,
				19F7D6662BEE28EC006E3034 /* CarrotMarketUITests */,
				19F7D6442BEE28E0006E3034 /* Products */,
			);
			sourceTree = "<group>";
		};
		19F7D6442BEE28E0006E3034 /* Products */ = {
			isa = PBXGroup;
			children = (
				19F7D6432BEE28E0006E3034 /* CarrotMarket.app */,
				19F7D6592BEE28EC006E3034 /* CarrotMarketTests.xctest */,
				19F7D6632BEE28EC006E3034 /* CarrotMarketUITests.xctest */,
			);
			name = Products;
			sourceTree = "<group>";
		};
		19F7D6452BEE28E0006E3034 /* CarrotMarket */ = {
			isa = PBXGroup;
			children = (
				19F7D6762BEE29EC006E3034 /* Cell */,
				19F7D6462BEE28E0006E3034 /* AppDelegate.swift */,
				19F7D6482BEE28E0006E3034 /* SceneDelegate.swift */,
				19F7D64A2BEE28E0006E3034 /* ViewController.swift */,
				19F7D64C2BEE28E0006E3034 /* Main.storyboard */,
				19F7D64F2BEE28EB006E3034 /* Assets.xcassets */,
				19F7D6512BEE28EB006E3034 /* LaunchScreen.storyboard */,
				19F7D6542BEE28EB006E3034 /* Info.plist */,
				19F7D67B2BEE3290006E3034 /* UIView+Extension.swift */,
				1968CAF12BEE3CD9008FDFDB /* HomeViewController.swift */,
			);
			path = CarrotMarket;
			sourceTree = "<group>";
		};
		19F7D65C2BEE28EC006E3034 /* CarrotMarketTests */ = {
			isa = PBXGroup;
			children = (
				19F7D65D2BEE28EC006E3034 /* CarrotMarketTests.swift */,
			);
			path = CarrotMarketTests;
			sourceTree = "<group>";
		};
		19F7D6662BEE28EC006E3034 /* CarrotMarketUITests */ = {
			isa = PBXGroup;
			children = (
				19F7D6672BEE28EC006E3034 /* CarrotMarketUITests.swift */,
				19F7D6692BEE28EC006E3034 /* CarrotMarketUITestsLaunchTests.swift */,
			);
			path = CarrotMarketUITests;
			sourceTree = "<group>";
		};
		19F7D6762BEE29EC006E3034 /* Cell */ = {
			isa = PBXGroup;
			children = (
				19F7D6772BEE2A59006E3034 /* TableViewCell.swift */,
				19F7D6782BEE2A59006E3034 /* TableViewCell.xib */,
			);
			path = Cell;
			sourceTree = "<group>";
		};
/* End PBXGroup section */

/* Begin PBXNativeTarget section */
		19F7D6422BEE28E0006E3034 /* CarrotMarket */ = {
			isa = PBXNativeTarget;
			buildConfigurationList = 19F7D66D2BEE28EC006E3034 /* Build configuration list for PBXNativeTarget "CarrotMarket" */;
			buildPhases = (
				19F7D63F2BEE28E0006E3034 /* Sources */,
				19F7D6402BEE28E0006E3034 /* Frameworks */,
				19F7D6412BEE28E0006E3034 /* Resources */,
			);
			buildRules = (
			);
			dependencies = (
			);
			name = CarrotMarket;
			productName = CarrotMarket;
			productReference = 19F7D6432BEE28E0006E3034 /* CarrotMarket.app */;
			productType = "com.apple.product-type.application";
		};
		19F7D6582BEE28EC006E3034 /* CarrotMarketTests */ = {
			isa = PBXNativeTarget;
			buildConfigurationList = 19F7D6702BEE28EC006E3034 /* Build configuration list for PBXNativeTarget "CarrotMarketTests" */;
			buildPhases = (
				19F7D6552BEE28EC006E3034 /* Sources */,
				19F7D6562BEE28EC006E3034 /* Frameworks */,
				19F7D6572BEE28EC006E3034 /* Resources */,
			);
			buildRules = (
			);
			dependencies = (
				19F7D65B2BEE28EC006E3034 /* PBXTargetDependency */,
			);
			name = CarrotMarketTests;
			productName = CarrotMarketTests;
			productReference = 19F7D6592BEE28EC006E3034 /* CarrotMarketTests.xctest */;
			productType = "com.apple.product-type.bundle.unit-test";
		};
		19F7D6622BEE28EC006E3034 /* CarrotMarketUITests */ = {
			isa = PBXNativeTarget;
			buildConfigurationList = 19F7D6732BEE28EC006E3034 /* Build configuration list for PBXNativeTarget "CarrotMarketUITests" */;
			buildPhases = (
				19F7D65F2BEE28EC006E3034 /* Sources */,
				19F7D6602BEE28EC006E3034 /* Frameworks */,
				19F7D6612BEE28EC006E3034 /* Resources */,
			);
			buildRules = (
			);
			dependencies = (
				19F7D6652BEE28EC006E3034 /* PBXTargetDependency */,
			);
			name = CarrotMarketUITests;
			productName = CarrotMarketUITests;
			productReference = 19F7D6632BEE28EC006E3034 /* CarrotMarketUITests.xctest */;
			productType = "com.apple.product-type.bundle.ui-testing";
		};
/* End PBXNativeTarget section */

/* Begin PBXProject section */
		19F7D63B2BEE28E0006E3034 /* Project object */ = {
			isa = PBXProject;
			attributes = {
				BuildIndependentTargetsInParallel = 1;
				LastSwiftUpdateCheck = 1530;
				LastUpgradeCheck = 1530;
				TargetAttributes = {
					19F7D6422BEE28E0006E3034 = {
						CreatedOnToolsVersion = 15.3;
					};
					19F7D6582BEE28EC006E3034 = {
						CreatedOnToolsVersion = 15.3;
						TestTargetID = 19F7D6422BEE28E0006E3034;
					};
					19F7D6622BEE28EC006E3034 = {
						CreatedOnToolsVersion = 15.3;
						TestTargetID = 19F7D6422BEE28E0006E3034;
					};
				};
			};
			buildConfigurationList = 19F7D63E2BEE28E0006E3034 /* Build configuration list for PBXProject "CarrotMarket" */;
			compatibilityVersion = "Xcode 14.0";
			developmentRegion = en;
			hasScannedForEncodings = 0;
			knownRegions = (
				en,
				Base,
			);
			mainGroup = 19F7D63A2BEE28E0006E3034;
			productRefGroup = 19F7D6442BEE28E0006E3034 /* Products */;
			projectDirPath = "";
			projectRoot = "";
			targets = (
				19F7D6422BEE28E0006E3034 /* CarrotMarket */,
				19F7D6582BEE28EC006E3034 /* CarrotMarketTests */,
				19F7D6622BEE28EC006E3034 /* CarrotMarketUITests */,
			);
		};
/* End PBXProject section */

/* Begin PBXResourcesBuildPhase section */
		19F7D6412BEE28E0006E3034 /* Resources */ = {
			isa = PBXResourcesBuildPhase;
			buildActionMask = 2147483647;
			files = (
				19F7D6502BEE28EB006E3034 /* Assets.xcassets in Resources */,
				19F7D67A2BEE2A59006E3034 /* TableViewCell.xib in Resources */,
				19F7D6532BEE28EB006E3034 /* Base in Resources */,
				19F7D64E2BEE28E0006E3034 /* Base in Resources */,
			);
			runOnlyForDeploymentPostprocessing = 0;
		};
		19F7D6572BEE28EC006E3034 /* Resources */ = {
			isa = PBXResourcesBuildPhase;
			buildActionMask = 2147483647;
			files = (
			);
			runOnlyForDeploymentPostprocessing = 0;
		};
		19F7D6612BEE28EC006E3034 /* Resources */ = {
			isa = PBXResourcesBuildPhase;
			buildActionMask = 2147483647;
			files = (
			);
			runOnlyForDeploymentPostprocessing = 0;
		};
/* End PBXResourcesBuildPhase section */

/* Begin PBXSourcesBuildPhase section */
		19F7D63F2BEE28E0006E3034 /* Sources */ = {
			isa = PBXSourcesBuildPhase;
			buildActionMask = 2147483647;
			files = (
				19F7D64B2BEE28E0006E3034 /* ViewController.swift in Sources */,
				19F7D6792BEE2A59006E3034 /* TableViewCell.swift in Sources */,
				19F7D6472BEE28E0006E3034 /* AppDelegate.swift in Sources */,
				19F7D67C2BEE3290006E3034 /* UIView+Extension.swift in Sources */,
				19F7D6492BEE28E0006E3034 /* SceneDelegate.swift in Sources */,
				1968CAF22BEE3CD9008FDFDB /* HomeViewController.swift in Sources */,
			);
			runOnlyForDeploymentPostprocessing = 0;
		};
		19F7D6552BEE28EC006E3034 /* Sources */ = {
			isa = PBXSourcesBuildPhase;
			buildActionMask = 2147483647;
			files = (
				19F7D65E2BEE28EC006E3034 /* CarrotMarketTests.swift in Sources */,
			);
			runOnlyForDeploymentPostprocessing = 0;
		};
		19F7D65F2BEE28EC006E3034 /* Sources */ = {
			isa = PBXSourcesBuildPhase;
			buildActionMask = 2147483647;
			files = (
				19F7D6682BEE28EC006E3034 /* CarrotMarketUITests.swift in Sources */,
				19F7D66A2BEE28EC006E3034 /* CarrotMarketUITestsLaunchTests.swift in Sources */,
			);
			runOnlyForDeploymentPostprocessing = 0;
		};
/* End PBXSourcesBuildPhase section */

/* Begin PBXTargetDependency section */
		19F7D65B2BEE28EC006E3034 /* PBXTargetDependency */ = {
			isa = PBXTargetDependency;
			target = 19F7D6422BEE28E0006E3034 /* CarrotMarket */;
			targetProxy = 19F7D65A2BEE28EC006E3034 /* PBXContainerItemProxy */;
		};
		19F7D6652BEE28EC006E3034 /* PBXTargetDependency */ = {
			isa = PBXTargetDependency;
			target = 19F7D6422BEE28E0006E3034 /* CarrotMarket */;
			targetProxy = 19F7D6642BEE28EC006E3034 /* PBXContainerItemProxy */;
		};
/* End PBXTargetDependency section */

/* Begin PBXVariantGroup section */
		19F7D64C2BEE28E0006E3034 /* Main.storyboard */ = {
			isa = PBXVariantGroup;
			children = (
				19F7D64D2BEE28E0006E3034 /* Base */,
			);
			name = Main.storyboard;
			sourceTree = "<group>";
		};
		19F7D6512BEE28EB006E3034 /* LaunchScreen.storyboard */ = {
			isa = PBXVariantGroup;
			children = (
				19F7D6522BEE28EB006E3034 /* Base */,
			);
			name = LaunchScreen.storyboard;
			sourceTree = "<group>";
		};
/* End PBXVariantGroup section */

/* Begin XCBuildConfiguration section */
		19F7D66B2BEE28EC006E3034 /* Debug */ = {
			isa = XCBuildConfiguration;
			buildSettings = {
				ALWAYS_SEARCH_USER_PATHS = NO;
				ASSETCATALOG_COMPILER_GENERATE_SWIFT_ASSET_SYMBOL_EXTENSIONS = YES;
				CLANG_ANALYZER_NONNULL = YES;
				CLANG_ANALYZER_NUMBER_OBJECT_CONVERSION = YES_AGGRESSIVE;
				CLANG_CXX_LANGUAGE_STANDARD = "gnu++20";
				CLANG_ENABLE_MODULES = YES;
				CLANG_ENABLE_OBJC_ARC = YES;
				CLANG_ENABLE_OBJC_WEAK = YES;
				CLANG_WARN_BLOCK_CAPTURE_AUTORELEASING = YES;
				CLANG_WARN_BOOL_CONVERSION = YES;
				CLANG_WARN_COMMA = YES;
				CLANG_WARN_CONSTANT_CONVERSION = YES;
				CLANG_WARN_DEPRECATED_OBJC_IMPLEMENTATIONS = YES;
				CLANG_WARN_DIRECT_OBJC_ISA_USAGE = YES_ERROR;
				CLANG_WARN_DOCUMENTATION_COMMENTS = YES;
				CLANG_WARN_EMPTY_BODY = YES;
				CLANG_WARN_ENUM_CONVERSION = YES;
				CLANG_WARN_INFINITE_RECURSION = YES;
				CLANG_WARN_INT_CONVERSION = YES;
				CLANG_WARN_NON_LITERAL_NULL_CONVERSION = YES;
				CLANG_WARN_OBJC_IMPLICIT_RETAIN_SELF = YES;
				CLANG_WARN_OBJC_LITERAL_CONVERSION = YES;
				CLANG_WARN_OBJC_ROOT_CLASS = YES_ERROR;
				CLANG_WARN_QUOTED_INCLUDE_IN_FRAMEWORK_HEADER = YES;
				CLANG_WARN_RANGE_LOOP_ANALYSIS = YES;
				CLANG_WARN_STRICT_PROTOTYPES = YES;
				CLANG_WARN_SUSPICIOUS_MOVE = YES;
				CLANG_WARN_UNGUARDED_AVAILABILITY = YES_AGGRESSIVE;
				CLANG_WARN_UNREACHABLE_CODE = YES;
				CLANG_WARN__DUPLICATE_METHOD_MATCH = YES;
				COPY_PHASE_STRIP = NO;
				DEBUG_INFORMATION_FORMAT = dwarf;
				ENABLE_STRICT_OBJC_MSGSEND = YES;
				ENABLE_TESTABILITY = YES;
				ENABLE_USER_SCRIPT_SANDBOXING = YES;
				GCC_C_LANGUAGE_STANDARD = gnu17;
				GCC_DYNAMIC_NO_PIC = NO;
				GCC_NO_COMMON_BLOCKS = YES;
				GCC_OPTIMIZATION_LEVEL = 0;
				GCC_PREPROCESSOR_DEFINITIONS = (
					"DEBUG=1",
					"$(inherited)",
				);
				GCC_WARN_64_TO_32_BIT_CONVERSION = YES;
				GCC_WARN_ABOUT_RETURN_TYPE = YES_ERROR;
				GCC_WARN_UNDECLARED_SELECTOR = YES;
				GCC_WARN_UNINITIALIZED_AUTOS = YES_AGGRESSIVE;
				GCC_WARN_UNUSED_FUNCTION = YES;
				GCC_WARN_UNUSED_VARIABLE = YES;
				IPHONEOS_DEPLOYMENT_TARGET = 17.4;
				LOCALIZATION_PREFERS_STRING_CATALOGS = YES;
				MTL_ENABLE_DEBUG_INFO = INCLUDE_SOURCE;
				MTL_FAST_MATH = YES;
				ONLY_ACTIVE_ARCH = YES;
				SDKROOT = iphoneos;
				SWIFT_ACTIVE_COMPILATION_CONDITIONS = "DEBUG $(inherited)";
				SWIFT_OPTIMIZATION_LEVEL = "-Onone";
			};
			name = Debug;
		};
		19F7D66C2BEE28EC006E3034 /* Release */ = {
			isa = XCBuildConfiguration;
			buildSettings = {
				ALWAYS_SEARCH_USER_PATHS = NO;
				ASSETCATALOG_COMPILER_GENERATE_SWIFT_ASSET_SYMBOL_EXTENSIONS = YES;
				CLANG_ANALYZER_NONNULL = YES;
				CLANG_ANALYZER_NUMBER_OBJECT_CONVERSION = YES_AGGRESSIVE;
				CLANG_CXX_LANGUAGE_STANDARD = "gnu++20";
				CLANG_ENABLE_MODULES = YES;
				CLANG_ENABLE_OBJC_ARC = YES;
				CLANG_ENABLE_OBJC_WEAK = YES;
				CLANG_WARN_BLOCK_CAPTURE_AUTORELEASING = YES;
				CLANG_WARN_BOOL_CONVERSION = YES;
				CLANG_WARN_COMMA = YES;
				CLANG_WARN_CONSTANT_CONVERSION = YES;
				CLANG_WARN_DEPRECATED_OBJC_IMPLEMENTATIONS = YES;
				CLANG_WARN_DIRECT_OBJC_ISA_USAGE = YES_ERROR;
				CLANG_WARN_DOCUMENTATION_COMMENTS = YES;
				CLANG_WARN_EMPTY_BODY = YES;
				CLANG_WARN_ENUM_CONVERSION = YES;
				CLANG_WARN_INFINITE_RECURSION = YES;
				CLANG_WARN_INT_CONVERSION = YES;
				CLANG_WARN_NON_LITERAL_NULL_CONVERSION = YES;
				CLANG_WARN_OBJC_IMPLICIT_RETAIN_SELF = YES;
				CLANG_WARN_OBJC_LITERAL_CONVERSION = YES;
				CLANG_WARN_OBJC_ROOT_CLASS = YES_ERROR;
				CLANG_WARN_QUOTED_INCLUDE_IN_FRAMEWORK_HEADER = YES;
				CLANG_WARN_RANGE_LOOP_ANALYSIS = YES;
				CLANG_WARN_STRICT_PROTOTYPES = YES;
				CLANG_WARN_SUSPICIOUS_MOVE = YES;
				CLANG_WARN_UNGUARDED_AVAILABILITY = YES_AGGRESSIVE;
				CLANG_WARN_UNREACHABLE_CODE = YES;
				CLANG_WARN__DUPLICATE_METHOD_MATCH = YES;
				COPY_PHASE_STRIP = NO;
				DEBUG_INFORMATION_FORMAT = "dwarf-with-dsym";
				ENABLE_NS_ASSERTIONS = NO;
				ENABLE_STRICT_OBJC_MSGSEND = YES;
				ENABLE_USER_SCRIPT_SANDBOXING = YES;
				GCC_C_LANGUAGE_STANDARD = gnu17;
				GCC_NO_COMMON_BLOCKS = YES;
				GCC_WARN_64_TO_32_BIT_CONVERSION = YES;
				GCC_WARN_ABOUT_RETURN_TYPE = YES_ERROR;
				GCC_WARN_UNDECLARED_SELECTOR = YES;
				GCC_WARN_UNINITIALIZED_AUTOS = YES_AGGRESSIVE;
				GCC_WARN_UNUSED_FUNCTION = YES;
				GCC_WARN_UNUSED_VARIABLE = YES;
				IPHONEOS_DEPLOYMENT_TARGET = 17.4;
				LOCALIZATION_PREFERS_STRING_CATALOGS = YES;
				MTL_ENABLE_DEBUG_INFO = NO;
				MTL_FAST_MATH = YES;
				SDKROOT = iphoneos;
				SWIFT_COMPILATION_MODE = wholemodule;
				VALIDATE_PRODUCT = YES;
			};
			name = Release;
		};
		19F7D66E2BEE28EC006E3034 /* Debug */ = {
			isa = XCBuildConfiguration;
			buildSettings = {
				ASSETCATALOG_COMPILER_APPICON_NAME = AppIcon;
				ASSETCATALOG_COMPILER_GLOBAL_ACCENT_COLOR_NAME = AccentColor;
				CODE_SIGN_STYLE = Automatic;
				CURRENT_PROJECT_VERSION = 1;
				DEVELOPMENT_TEAM = 8N83Y3X4QT;
				GENERATE_INFOPLIST_FILE = YES;
				INFOPLIST_FILE = CarrotMarket/Info.plist;
				INFOPLIST_KEY_CFBundleDisplayName = "당근마켓";
				INFOPLIST_KEY_UIApplicationSupportsIndirectInputEvents = YES;
				INFOPLIST_KEY_UILaunchStoryboardName = LaunchScreen;
				INFOPLIST_KEY_UIMainStoryboardFile = Main;
				INFOPLIST_KEY_UISupportedInterfaceOrientations_iPad = "UIInterfaceOrientationPortrait UIInterfaceOrientationPortraitUpsideDown UIInterfaceOrientationLandscapeLeft UIInterfaceOrientationLandscapeRight";
				INFOPLIST_KEY_UISupportedInterfaceOrientations_iPhone = "UIInterfaceOrientationPortrait UIInterfaceOrientationLandscapeLeft UIInterfaceOrientationLandscapeRight";
				IPHONEOS_DEPLOYMENT_TARGET = 14.3;
				LD_RUNPATH_SEARCH_PATHS = (
					"$(inherited)",
					"@executable_path/Frameworks",
				);
				MARKETING_VERSION = 1.0;
				PRODUCT_BUNDLE_IDENTIFIER = kr.ac.duksung.CarrotMarket;
				PRODUCT_NAME = "$(TARGET_NAME)";
				SUPPORTED_PLATFORMS = "iphoneos iphonesimulator";
				SUPPORTS_MACCATALYST = NO;
				SUPPORTS_MAC_DESIGNED_FOR_IPHONE_IPAD = NO;
				SUPPORTS_XR_DESIGNED_FOR_IPHONE_IPAD = NO;
				SWIFT_EMIT_LOC_STRINGS = YES;
				SWIFT_VERSION = 5.0;
				TARGETED_DEVICE_FAMILY = "1,2";
			};
			name = Debug;
		};
		19F7D66F2BEE28EC006E3034 /* Release */ = {
			isa = XCBuildConfiguration;
			buildSettings = {
				ASSETCATALOG_COMPILER_APPICON_NAME = AppIcon;
				ASSETCATALOG_COMPILER_GLOBAL_ACCENT_COLOR_NAME = AccentColor;
				CODE_SIGN_STYLE = Automatic;
				CURRENT_PROJECT_VERSION = 1;
				DEVELOPMENT_TEAM = 8N83Y3X4QT;
				GENERATE_INFOPLIST_FILE = YES;
				INFOPLIST_FILE = CarrotMarket/Info.plist;
				INFOPLIST_KEY_CFBundleDisplayName = "당근마켓";
				INFOPLIST_KEY_UIApplicationSupportsIndirectInputEvents = YES;
				INFOPLIST_KEY_UILaunchStoryboardName = LaunchScreen;
				INFOPLIST_KEY_UIMainStoryboardFile = Main;
				INFOPLIST_KEY_UISupportedInterfaceOrientations_iPad = "UIInterfaceOrientationPortrait UIInterfaceOrientationPortraitUpsideDown UIInterfaceOrientationLandscapeLeft UIInterfaceOrientationLandscapeRight";
				INFOPLIST_KEY_UISupportedInterfaceOrientations_iPhone = "UIInterfaceOrientationPortrait UIInterfaceOrientationLandscapeLeft UIInterfaceOrientationLandscapeRight";
				IPHONEOS_DEPLOYMENT_TARGET = 14.3;
				LD_RUNPATH_SEARCH_PATHS = (
					"$(inherited)",
					"@executable_path/Frameworks",
				);
				MARKETING_VERSION = 1.0;
				PRODUCT_BUNDLE_IDENTIFIER = kr.ac.duksung.CarrotMarket;
				PRODUCT_NAME = "$(TARGET_NAME)";
				SUPPORTED_PLATFORMS = "iphoneos iphonesimulator";
				SUPPORTS_MACCATALYST = NO;
				SUPPORTS_MAC_DESIGNED_FOR_IPHONE_IPAD = NO;
				SUPPORTS_XR_DESIGNED_FOR_IPHONE_IPAD = NO;
				SWIFT_EMIT_LOC_STRINGS = YES;
				SWIFT_VERSION = 5.0;
				TARGETED_DEVICE_FAMILY = "1,2";
			};
			name = Release;
		};
		19F7D6712BEE28EC006E3034 /* Debug */ = {
			isa = XCBuildConfiguration;
			buildSettings = {
				ALWAYS_EMBED_SWIFT_STANDARD_LIBRARIES = YES;
				BUNDLE_LOADER = "$(TEST_HOST)";
				CODE_SIGN_STYLE = Automatic;
				CURRENT_PROJECT_VERSION = 1;
				DEVELOPMENT_TEAM = 8N83Y3X4QT;
				GENERATE_INFOPLIST_FILE = YES;
				IPHONEOS_DEPLOYMENT_TARGET = 17.4;
				MARKETING_VERSION = 1.0;
				PRODUCT_BUNDLE_IDENTIFIER = kr.ac.duksung.CarrotMarketTests;
				PRODUCT_NAME = "$(TARGET_NAME)";
				SWIFT_EMIT_LOC_STRINGS = NO;
				SWIFT_VERSION = 5.0;
				TARGETED_DEVICE_FAMILY = "1,2";
				TEST_HOST = "$(BUILT_PRODUCTS_DIR)/CarrotMarket.app/$(BUNDLE_EXECUTABLE_FOLDER_PATH)/CarrotMarket";
			};
			name = Debug;
		};
		19F7D6722BEE28EC006E3034 /* Release */ = {
			isa = XCBuildConfiguration;
			buildSettings = {
				ALWAYS_EMBED_SWIFT_STANDARD_LIBRARIES = YES;
				BUNDLE_LOADER = "$(TEST_HOST)";
				CODE_SIGN_STYLE = Automatic;
				CURRENT_PROJECT_VERSION = 1;
				DEVELOPMENT_TEAM = 8N83Y3X4QT;
				GENERATE_INFOPLIST_FILE = YES;
				IPHONEOS_DEPLOYMENT_TARGET = 17.4;
				MARKETING_VERSION = 1.0;
				PRODUCT_BUNDLE_IDENTIFIER = kr.ac.duksung.CarrotMarketTests;
				PRODUCT_NAME = "$(TARGET_NAME)";
				SWIFT_EMIT_LOC_STRINGS = NO;
				SWIFT_VERSION = 5.0;
				TARGETED_DEVICE_FAMILY = "1,2";
				TEST_HOST = "$(BUILT_PRODUCTS_DIR)/CarrotMarket.app/$(BUNDLE_EXECUTABLE_FOLDER_PATH)/CarrotMarket";
			};
			name = Release;
		};
		19F7D6742BEE28EC006E3034 /* Debug */ = {
			isa = XCBuildConfiguration;
			buildSettings = {
				ALWAYS_EMBED_SWIFT_STANDARD_LIBRARIES = YES;
				CODE_SIGN_STYLE = Automatic;
				CURRENT_PROJECT_VERSION = 1;
				DEVELOPMENT_TEAM = 8N83Y3X4QT;
				GENERATE_INFOPLIST_FILE = YES;
				MARKETING_VERSION = 1.0;
				PRODUCT_BUNDLE_IDENTIFIER = kr.ac.duksung.CarrotMarketUITests;
				PRODUCT_NAME = "$(TARGET_NAME)";
				SWIFT_EMIT_LOC_STRINGS = NO;
				SWIFT_VERSION = 5.0;
				TARGETED_DEVICE_FAMILY = "1,2";
				TEST_TARGET_NAME = CarrotMarket;
			};
			name = Debug;
		};
		19F7D6752BEE28EC006E3034 /* Release */ = {
			isa = XCBuildConfiguration;
			buildSettings = {
				ALWAYS_EMBED_SWIFT_STANDARD_LIBRARIES = YES;
				CODE_SIGN_STYLE = Automatic;
				CURRENT_PROJECT_VERSION = 1;
				DEVELOPMENT_TEAM = 8N83Y3X4QT;
				GENERATE_INFOPLIST_FILE = YES;
				MARKETING_VERSION = 1.0;
				PRODUCT_BUNDLE_IDENTIFIER = kr.ac.duksung.CarrotMarketUITests;
				PRODUCT_NAME = "$(TARGET_NAME)";
				SWIFT_EMIT_LOC_STRINGS = NO;
				SWIFT_VERSION = 5.0;
				TARGETED_DEVICE_FAMILY = "1,2";
				TEST_TARGET_NAME = CarrotMarket;
			};
			name = Release;
		};
/* End XCBuildConfiguration section */

/* Begin XCConfigurationList section */
		19F7D63E2BEE28E0006E3034 /* Build configuration list for PBXProject "CarrotMarket" */ = {
			isa = XCConfigurationList;
			buildConfigurations = (
				19F7D66B2BEE28EC006E3034 /* Debug */,
				19F7D66C2BEE28EC006E3034 /* Release */,
			);
			defaultConfigurationIsVisible = 0;
			defaultConfigurationName = Release;
		};
		19F7D66D2BEE28EC006E3034 /* Build configuration list for PBXNativeTarget "CarrotMarket" */ = {
			isa = XCConfigurationList;
			buildConfigurations = (
				19F7D66E2BEE28EC006E3034 /* Debug */,
				19F7D66F2BEE28EC006E3034 /* Release */,
			);
			defaultConfigurationIsVisible = 0;
			defaultConfigurationName = Release;
		};
		19F7D6702BEE28EC006E3034 /* Build configuration list for PBXNativeTarget "CarrotMarketTests" */ = {
			isa = XCConfigurationList;
			buildConfigurations = (
				19F7D6712BEE28EC006E3034 /* Debug */,
				19F7D6722BEE28EC006E3034 /* Release */,
			);
			defaultConfigurationIsVisible = 0;
			defaultConfigurationName = Release;
		};
		19F7D6732BEE28EC006E3034 /* Build configuration list for PBXNativeTarget "CarrotMarketUITests" */ = {
			isa = XCConfigurationList;
			buildConfigurations = (
				19F7D6742BEE28EC006E3034 /* Debug */,
				19F7D6752BEE28EC006E3034 /* Release */,
			);
			defaultConfigurationIsVisible = 0;
			defaultConfigurationName = Release;
		};
/* End XCConfigurationList section */
	};
	rootObject = 19F7D63B2BEE28E0006E3034 /* Project object */;
}
